
Microsoft Visual Studio Solution File, Format Version 12.00
# Visual Studio 15
VisualStudioVersion = 15.0.28010.2050
MinimumVisualStudioVersion = 10.0.40219.1
Project("{FAE04EC0-301F-11D3-BF4B-00C04F79EFBC}") = "DDDNetCore", "DDDNetCore\DDDNetCore.csproj", "{AFDB3C24-377D-4555-86CA-7A17F88D3C6E}"
EndProject
Global
	GlobalSection(SolutionConfigurationPlatforms) = preSolution
		Debug|Any CPU = Debug|Any CPU
		Release|Any CPU = Release|Any CPU
	EndGlobalSection
	GlobalSection(ProjectConfigurationPlatforms) = postSolution
		{AFDB3C24-377D-4555-86CA-7A17F88D3C6E}.Debug|Any CPU.ActiveCfg = Debug|Any CPU
		{AFDB3C24-377D-4555-86CA-7A17F88D3C6E}.Debug|Any CPU.Build.0 = Debug|Any CPU
		{AFDB3C24-377D-4555-86CA-7A17F88D3C6E}.Release|Any CPU.ActiveCfg = Release|Any CPU
		{AFDB3C24-377D-4555-86CA-7A17F88D3C6E}.Release|Any CPU.Build.0 = Release|Any CPU
	EndGlobalSection
	GlobalSection(SolutionProperties) = preSolution
		HideSolutionNode = FALSE
	EndGlobalSection
	GlobalSection(ExtensibilityGlobals) = postSolution
		SolutionGuid = {3B8C5F1B-4409-4F15-8AA9-5808C296E8ED}
	EndGlobalSection
EndGlobal
