
Microsoft Visual Studio Solution File, Format Version 12.00
# Visual Studio 15
VisualStudioVersion = 15.0.28010.2050
MinimumVisualStudioVersion = 10.0.40219.1
Project("{FAE04EC0-301F-11D3-BF4B-00C04F79EFBC}") = "DDDNetCore", "DDDNetCore\DDDNetCore.csproj", "{AFDB3C24-377D-4555-86CA-7A17F88D3C6E}"
EndProject
Project("{2150E333-8FDC-42A3-9474-1A3956D46DE8}") = "1-Presentacion", "1-Presentacion", "{8C2A15E4-B11F-4A0A-BE76-97BB5EADA5E8}"
EndProject
Project("{2150E333-8FDC-42A3-9474-1A3956D46DE8}") = "2-Aplicacion", "2-Aplicacion", "{9E04D547-3CA3-4FA0-B5C3-0FE9CF1ED032}"
EndProject
Project("{2150E333-8FDC-42A3-9474-1A3956D46DE8}") = "3-Dominio", "3-Dominio", "{A592AF98-BD03-417A-8F96-1F24583E3931}"
EndProject
Project("{2150E333-8FDC-42A3-9474-1A3956D46DE8}") = "4-Infraestructura", "4-Infraestructura", "{F78AEF62-C9FC-4222-9AEC-53C66122A6F5}"
EndProject
Project("{FAE04EC0-301F-11D3-BF4B-00C04F79EFBC}") = "Aplicacion.Mapa", "Mapa\Aplicacion.Mapa.csproj", "{C15C9B6F-5C48-4CFF-91E5-C7B232D68F72}"
EndProject
Project("{FAE04EC0-301F-11D3-BF4B-00C04F79EFBC}") = "Aplicacion.Servicios", "Servicios\Aplicacion.Servicios.csproj", "{6A28C82C-3BEB-4112-A87A-C01BD31A7065}"
EndProject
Project("{FAE04EC0-301F-11D3-BF4B-00C04F79EFBC}") = "Aplicacion.EntidadesDto", "EntidadesDto\Aplicacion.EntidadesDto.csproj", "{C6C5AB16-A656-4A3D-8266-E4CB442C62AF}"
EndProject
Project("{FAE04EC0-301F-11D3-BF4B-00C04F79EFBC}") = "Aplicacion.Contratos", "Contratos\Aplicacion.Contratos.csproj", "{06B94100-1356-4C9A-AF23-E3DB9DFFF466}"
EndProject
Project("{FAE04EC0-301F-11D3-BF4B-00C04F79EFBC}") = "Dominio.Negocio", "Dominio.Negocio\Dominio.Negocio.csproj", "{28A57B72-63A5-40F3-AFFE-D42C352079DE}"
EndProject
Project("{FAE04EC0-301F-11D3-BF4B-00C04F79EFBC}") = "Dominio.Entidades", "Dominio.Entidades\Dominio.Entidades.csproj", "{705DFE60-162F-43E2-8731-D562219EB5A6}"
EndProject
Project("{FAE04EC0-301F-11D3-BF4B-00C04F79EFBC}") = "Dominio.Contratos", "Dominio.Contratos\Dominio.Contratos.csproj", "{11152D80-95F3-440D-BA65-49C7B082FFF4}"
EndProject
Project("{FAE04EC0-301F-11D3-BF4B-00C04F79EFBC}") = "Dominio.Servicios", "Dominio.Servicios\Dominio.Servicios.csproj", "{B5F71C16-0C1F-4319-A216-F820D98AD5BC}"
EndProject
Project("{FAE04EC0-301F-11D3-BF4B-00C04F79EFBC}") = "Infraestructura.Contexto", "Infraestructura.Contexto\Infraestructura.Contexto.csproj", "{934E2E1F-C23A-4D1C-A866-0614FF4778D3}"
EndProject
Project("{FAE04EC0-301F-11D3-BF4B-00C04F79EFBC}") = "Infraestructura.Repositorios", "Infraestructura.Repositorios\Infraestructura.Repositorios.csproj", "{177A864E-6EFB-48DB-A25A-54AD972B0376}"
EndProject
Project("{FAE04EC0-301F-11D3-BF4B-00C04F79EFBC}") = "Infraestructura.IoC", "Infraestructura.IoC\Infraestructura.IoC.csproj", "{325A5AE7-A5A8-4451-92AA-94FDEACEFBDB}"
EndProject
Project("{FAE04EC0-301F-11D3-BF4B-00C04F79EFBC}") = "Infraestructura.UoW", "Infraestructura.UoW\Infraestructura.UoW.csproj", "{35A5119F-3F85-4901-87B1-6A2FB2D04BDB}"
EndProject
Project("{FAE04EC0-301F-11D3-BF4B-00C04F79EFBC}") = "Infraestructura.Migraciones", "Infraestructura.Migraciones\Infraestructura.Migraciones.csproj", "{D0D62D86-06DD-411A-B552-95D7573DE40F}"
EndProject
Global
	GlobalSection(SolutionConfigurationPlatforms) = preSolution
		Debug|Any CPU = Debug|Any CPU
		Release|Any CPU = Release|Any CPU
	EndGlobalSection
	GlobalSection(ProjectConfigurationPlatforms) = postSolution
		{AFDB3C24-377D-4555-86CA-7A17F88D3C6E}.Debug|Any CPU.ActiveCfg = Debug|Any CPU
		{AFDB3C24-377D-4555-86CA-7A17F88D3C6E}.Debug|Any CPU.Build.0 = Debug|Any CPU
		{AFDB3C24-377D-4555-86CA-7A17F88D3C6E}.Release|Any CPU.ActiveCfg = Release|Any CPU
		{AFDB3C24-377D-4555-86CA-7A17F88D3C6E}.Release|Any CPU.Build.0 = Release|Any CPU
		{C15C9B6F-5C48-4CFF-91E5-C7B232D68F72}.Debug|Any CPU.ActiveCfg = Debug|Any CPU
		{C15C9B6F-5C48-4CFF-91E5-C7B232D68F72}.Debug|Any CPU.Build.0 = Debug|Any CPU
		{C15C9B6F-5C48-4CFF-91E5-C7B232D68F72}.Release|Any CPU.ActiveCfg = Release|Any CPU
		{C15C9B6F-5C48-4CFF-91E5-C7B232D68F72}.Release|Any CPU.Build.0 = Release|Any CPU
		{6A28C82C-3BEB-4112-A87A-C01BD31A7065}.Debug|Any CPU.ActiveCfg = Debug|Any CPU
		{6A28C82C-3BEB-4112-A87A-C01BD31A7065}.Debug|Any CPU.Build.0 = Debug|Any CPU
		{6A28C82C-3BEB-4112-A87A-C01BD31A7065}.Release|Any CPU.ActiveCfg = Release|Any CPU
		{6A28C82C-3BEB-4112-A87A-C01BD31A7065}.Release|Any CPU.Build.0 = Release|Any CPU
		{C6C5AB16-A656-4A3D-8266-E4CB442C62AF}.Debug|Any CPU.ActiveCfg = Debug|Any CPU
		{C6C5AB16-A656-4A3D-8266-E4CB442C62AF}.Debug|Any CPU.Build.0 = Debug|Any CPU
		{C6C5AB16-A656-4A3D-8266-E4CB442C62AF}.Release|Any CPU.ActiveCfg = Release|Any CPU
		{C6C5AB16-A656-4A3D-8266-E4CB442C62AF}.Release|Any CPU.Build.0 = Release|Any CPU
		{06B94100-1356-4C9A-AF23-E3DB9DFFF466}.Debug|Any CPU.ActiveCfg = Debug|Any CPU
		{06B94100-1356-4C9A-AF23-E3DB9DFFF466}.Debug|Any CPU.Build.0 = Debug|Any CPU
		{06B94100-1356-4C9A-AF23-E3DB9DFFF466}.Release|Any CPU.ActiveCfg = Release|Any CPU
		{06B94100-1356-4C9A-AF23-E3DB9DFFF466}.Release|Any CPU.Build.0 = Release|Any CPU
		{28A57B72-63A5-40F3-AFFE-D42C352079DE}.Debug|Any CPU.ActiveCfg = Debug|Any CPU
		{28A57B72-63A5-40F3-AFFE-D42C352079DE}.Debug|Any CPU.Build.0 = Debug|Any CPU
		{28A57B72-63A5-40F3-AFFE-D42C352079DE}.Release|Any CPU.ActiveCfg = Release|Any CPU
		{28A57B72-63A5-40F3-AFFE-D42C352079DE}.Release|Any CPU.Build.0 = Release|Any CPU
		{705DFE60-162F-43E2-8731-D562219EB5A6}.Debug|Any CPU.ActiveCfg = Debug|Any CPU
		{705DFE60-162F-43E2-8731-D562219EB5A6}.Debug|Any CPU.Build.0 = Debug|Any CPU
		{705DFE60-162F-43E2-8731-D562219EB5A6}.Release|Any CPU.ActiveCfg = Release|Any CPU
		{705DFE60-162F-43E2-8731-D562219EB5A6}.Release|Any CPU.Build.0 = Release|Any CPU
		{11152D80-95F3-440D-BA65-49C7B082FFF4}.Debug|Any CPU.ActiveCfg = Debug|Any CPU
		{11152D80-95F3-440D-BA65-49C7B082FFF4}.Debug|Any CPU.Build.0 = Debug|Any CPU
		{11152D80-95F3-440D-BA65-49C7B082FFF4}.Release|Any CPU.ActiveCfg = Release|Any CPU
		{11152D80-95F3-440D-BA65-49C7B082FFF4}.Release|Any CPU.Build.0 = Release|Any CPU
		{B5F71C16-0C1F-4319-A216-F820D98AD5BC}.Debug|Any CPU.ActiveCfg = Debug|Any CPU
		{B5F71C16-0C1F-4319-A216-F820D98AD5BC}.Debug|Any CPU.Build.0 = Debug|Any CPU
		{B5F71C16-0C1F-4319-A216-F820D98AD5BC}.Release|Any CPU.ActiveCfg = Release|Any CPU
		{B5F71C16-0C1F-4319-A216-F820D98AD5BC}.Release|Any CPU.Build.0 = Release|Any CPU
		{934E2E1F-C23A-4D1C-A866-0614FF4778D3}.Debug|Any CPU.ActiveCfg = Debug|Any CPU
		{934E2E1F-C23A-4D1C-A866-0614FF4778D3}.Debug|Any CPU.Build.0 = Debug|Any CPU
		{934E2E1F-C23A-4D1C-A866-0614FF4778D3}.Release|Any CPU.ActiveCfg = Release|Any CPU
		{934E2E1F-C23A-4D1C-A866-0614FF4778D3}.Release|Any CPU.Build.0 = Release|Any CPU
		{177A864E-6EFB-48DB-A25A-54AD972B0376}.Debug|Any CPU.ActiveCfg = Debug|Any CPU
		{177A864E-6EFB-48DB-A25A-54AD972B0376}.Debug|Any CPU.Build.0 = Debug|Any CPU
		{177A864E-6EFB-48DB-A25A-54AD972B0376}.Release|Any CPU.ActiveCfg = Release|Any CPU
		{177A864E-6EFB-48DB-A25A-54AD972B0376}.Release|Any CPU.Build.0 = Release|Any CPU
		{325A5AE7-A5A8-4451-92AA-94FDEACEFBDB}.Debug|Any CPU.ActiveCfg = Debug|Any CPU
		{325A5AE7-A5A8-4451-92AA-94FDEACEFBDB}.Debug|Any CPU.Build.0 = Debug|Any CPU
		{325A5AE7-A5A8-4451-92AA-94FDEACEFBDB}.Release|Any CPU.ActiveCfg = Release|Any CPU
		{325A5AE7-A5A8-4451-92AA-94FDEACEFBDB}.Release|Any CPU.Build.0 = Release|Any CPU
		{35A5119F-3F85-4901-87B1-6A2FB2D04BDB}.Debug|Any CPU.ActiveCfg = Debug|Any CPU
		{35A5119F-3F85-4901-87B1-6A2FB2D04BDB}.Debug|Any CPU.Build.0 = Debug|Any CPU
		{35A5119F-3F85-4901-87B1-6A2FB2D04BDB}.Release|Any CPU.ActiveCfg = Release|Any CPU
		{35A5119F-3F85-4901-87B1-6A2FB2D04BDB}.Release|Any CPU.Build.0 = Release|Any CPU
		{D0D62D86-06DD-411A-B552-95D7573DE40F}.Debug|Any CPU.ActiveCfg = Debug|Any CPU
		{D0D62D86-06DD-411A-B552-95D7573DE40F}.Debug|Any CPU.Build.0 = Debug|Any CPU
		{D0D62D86-06DD-411A-B552-95D7573DE40F}.Release|Any CPU.ActiveCfg = Release|Any CPU
		{D0D62D86-06DD-411A-B552-95D7573DE40F}.Release|Any CPU.Build.0 = Release|Any CPU
	EndGlobalSection
	GlobalSection(SolutionProperties) = preSolution
		HideSolutionNode = FALSE
	EndGlobalSection
	GlobalSection(NestedProjects) = preSolution
		{AFDB3C24-377D-4555-86CA-7A17F88D3C6E} = {8C2A15E4-B11F-4A0A-BE76-97BB5EADA5E8}
		{C15C9B6F-5C48-4CFF-91E5-C7B232D68F72} = {9E04D547-3CA3-4FA0-B5C3-0FE9CF1ED032}
		{6A28C82C-3BEB-4112-A87A-C01BD31A7065} = {9E04D547-3CA3-4FA0-B5C3-0FE9CF1ED032}
		{C6C5AB16-A656-4A3D-8266-E4CB442C62AF} = {9E04D547-3CA3-4FA0-B5C3-0FE9CF1ED032}
		{06B94100-1356-4C9A-AF23-E3DB9DFFF466} = {9E04D547-3CA3-4FA0-B5C3-0FE9CF1ED032}
		{28A57B72-63A5-40F3-AFFE-D42C352079DE} = {A592AF98-BD03-417A-8F96-1F24583E3931}
		{705DFE60-162F-43E2-8731-D562219EB5A6} = {A592AF98-BD03-417A-8F96-1F24583E3931}
		{11152D80-95F3-440D-BA65-49C7B082FFF4} = {A592AF98-BD03-417A-8F96-1F24583E3931}
		{B5F71C16-0C1F-4319-A216-F820D98AD5BC} = {A592AF98-BD03-417A-8F96-1F24583E3931}
		{934E2E1F-C23A-4D1C-A866-0614FF4778D3} = {F78AEF62-C9FC-4222-9AEC-53C66122A6F5}
		{177A864E-6EFB-48DB-A25A-54AD972B0376} = {F78AEF62-C9FC-4222-9AEC-53C66122A6F5}
		{325A5AE7-A5A8-4451-92AA-94FDEACEFBDB} = {F78AEF62-C9FC-4222-9AEC-53C66122A6F5}
		{35A5119F-3F85-4901-87B1-6A2FB2D04BDB} = {F78AEF62-C9FC-4222-9AEC-53C66122A6F5}
		{D0D62D86-06DD-411A-B552-95D7573DE40F} = {F78AEF62-C9FC-4222-9AEC-53C66122A6F5}
	EndGlobalSection
	GlobalSection(ExtensibilityGlobals) = postSolution
		SolutionGuid = {3B8C5F1B-4409-4F15-8AA9-5808C296E8ED}
	EndGlobalSection
EndGlobal
